// !$*UTF8*$!
{
	archiveVersion = 1;
	classes = {
	};
	objectVersion = 51;
	objects = {

/* Begin PBXBuildFile section */
		3C1B6AE03F55B79BBC8089A1 /* Pods_utest.framework in Frameworks */ = {isa = PBXBuildFile; fileRef = 97744859C5C5E77D9A40FE73 /* Pods_utest.framework */; };
		3F28813A25E71E4200DB2183 /* AppDelegate.swift in Sources */ = {isa = PBXBuildFile; fileRef = 3F28813925E71E4200DB2183 /* AppDelegate.swift */; };
		3F28813C25E71E4200DB2183 /* SceneDelegate.swift in Sources */ = {isa = PBXBuildFile; fileRef = 3F28813B25E71E4200DB2183 /* SceneDelegate.swift */; };
		3F28813E25E71E4200DB2183 /* ViewController.swift in Sources */ = {isa = PBXBuildFile; fileRef = 3F28813D25E71E4200DB2183 /* ViewController.swift */; };
		3F28814125E71E4200DB2183 /* Main.storyboard in Resources */ = {isa = PBXBuildFile; fileRef = 3F28813F25E71E4200DB2183 /* Main.storyboard */; };
		3F28814325E71E4500DB2183 /* Assets.xcassets in Resources */ = {isa = PBXBuildFile; fileRef = 3F28814225E71E4500DB2183 /* Assets.xcassets */; };
		3F28814625E71E4500DB2183 /* LaunchScreen.storyboard in Resources */ = {isa = PBXBuildFile; fileRef = 3F28814425E71E4500DB2183 /* LaunchScreen.storyboard */; };
		3F28815525E71E5700DB2183 /* utestTests.swift in Sources */ = {isa = PBXBuildFile; fileRef = 3F28815425E71E5700DB2183 /* utestTests.swift */; };
		3F28815F25E71F3500DB2183 /* StringUtils.swift in Sources */ = {isa = PBXBuildFile; fileRef = 3F28815E25E71F3500DB2183 /* StringUtils.swift */; };
		3F28816325E7211700DB2183 /* StringUtilsTests.swift in Sources */ = {isa = PBXBuildFile; fileRef = 3F28816225E7211700DB2183 /* StringUtilsTests.swift */; };
		3F28816925E7C62E00DB2183 /* AccountBalance.swift in Sources */ = {isa = PBXBuildFile; fileRef = 3F28816825E7C62E00DB2183 /* AccountBalance.swift */; };
		3F28816D25E7C6CA00DB2183 /* AccountBalanceTest.swift in Sources */ = {isa = PBXBuildFile; fileRef = 3F28816C25E7C6CA00DB2183 /* AccountBalanceTest.swift */; };
		3F28817725E7CB5900DB2183 /* StringsUtil.swift in Sources */ = {isa = PBXBuildFile; fileRef = 3F28817625E7CB5900DB2183 /* StringsUtil.swift */; };
		3F28818125E7CBCD00DB2183 /* StringUtilsSpec.swift in Sources */ = {isa = PBXBuildFile; fileRef = 3F28818025E7CBCD00DB2183 /* StringUtilsSpec.swift */; };
		3F28818625E7D62F00DB2183 /* AccountViewModel.swift in Sources */ = {isa = PBXBuildFile; fileRef = 3F28818525E7D62F00DB2183 /* AccountViewModel.swift */; };
		3F28818D25E7D79200DB2183 /* AccountViewController.swift in Sources */ = {isa = PBXBuildFile; fileRef = 3F28818B25E7D79200DB2183 /* AccountViewController.swift */; };
		3F28818E25E7D79200DB2183 /* AccountViewController.xib in Resources */ = {isa = PBXBuildFile; fileRef = 3F28818C25E7D79200DB2183 /* AccountViewController.xib */; };
		3F28819225E7DA0E00DB2183 /* AccountViewModelSpec.swift in Sources */ = {isa = PBXBuildFile; fileRef = 3F28819125E7DA0E00DB2183 /* AccountViewModelSpec.swift */; };
		3F28819C25E8235700DB2183 /* AccountViewControllerSpec.swift in Sources */ = {isa = PBXBuildFile; fileRef = 3F28819B25E8235700DB2183 /* AccountViewControllerSpec.swift */; };
		3F2881A025E831FE00DB2183 /* AccountModel.swift in Sources */ = {isa = PBXBuildFile; fileRef = 3F28819F25E831FE00DB2183 /* AccountModel.swift */; };
		3F2881A525E83A6B00DB2183 /* AsyncProcess.swift in Sources */ = {isa = PBXBuildFile; fileRef = 3F2881A425E83A6B00DB2183 /* AsyncProcess.swift */; };
		3F2881A925E83B1C00DB2183 /* AsyncProcessSpec.swift in Sources */ = {isa = PBXBuildFile; fileRef = 3F2881A825E83B1C00DB2183 /* AsyncProcessSpec.swift */; };
		7F057FE2DCA5B66972B7CCC0 /* Pods_utestTests.framework in Frameworks */ = {isa = PBXBuildFile; fileRef = 330B6A86169A880E6C8ECC95 /* Pods_utestTests.framework */; };
/* End PBXBuildFile section */

/* Begin PBXContainerItemProxy section */
		3F28815725E71E5700DB2183 /* PBXContainerItemProxy */ = {
			isa = PBXContainerItemProxy;
			containerPortal = 3F28812E25E71E4200DB2183 /* Project object */;
			proxyType = 1;
			remoteGlobalIDString = 3F28813525E71E4200DB2183;
			remoteInfo = utest;
		};
/* End PBXContainerItemProxy section */

/* Begin PBXFileReference section */
		330B6A86169A880E6C8ECC95 /* Pods_utestTests.framework */ = {isa = PBXFileReference; explicitFileType = wrapper.framework; includeInIndex = 0; path = Pods_utestTests.framework; sourceTree = BUILT_PRODUCTS_DIR; };
		36D2D4459A43569E266ADF89 /* Pods-utestTests.release.xcconfig */ = {isa = PBXFileReference; includeInIndex = 1; lastKnownFileType = text.xcconfig; name = "Pods-utestTests.release.xcconfig"; path = "Target Support Files/Pods-utestTests/Pods-utestTests.release.xcconfig"; sourceTree = "<group>"; };
		3F28813625E71E4200DB2183 /* utest.app */ = {isa = PBXFileReference; explicitFileType = wrapper.application; includeInIndex = 0; path = utest.app; sourceTree = BUILT_PRODUCTS_DIR; };
		3F28813925E71E4200DB2183 /* AppDelegate.swift */ = {isa = PBXFileReference; lastKnownFileType = sourcecode.swift; path = AppDelegate.swift; sourceTree = "<group>"; };
		3F28813B25E71E4200DB2183 /* SceneDelegate.swift */ = {isa = PBXFileReference; lastKnownFileType = sourcecode.swift; path = SceneDelegate.swift; sourceTree = "<group>"; };
		3F28813D25E71E4200DB2183 /* ViewController.swift */ = {isa = PBXFileReference; lastKnownFileType = sourcecode.swift; path = ViewController.swift; sourceTree = "<group>"; };
		3F28814025E71E4200DB2183 /* Base */ = {isa = PBXFileReference; lastKnownFileType = file.storyboard; name = Base; path = Base.lproj/Main.storyboard; sourceTree = "<group>"; };
		3F28814225E71E4500DB2183 /* Assets.xcassets */ = {isa = PBXFileReference; lastKnownFileType = folder.assetcatalog; path = Assets.xcassets; sourceTree = "<group>"; };
		3F28814525E71E4500DB2183 /* Base */ = {isa = PBXFileReference; lastKnownFileType = file.storyboard; name = Base; path = Base.lproj/LaunchScreen.storyboard; sourceTree = "<group>"; };
		3F28814725E71E4500DB2183 /* Info.plist */ = {isa = PBXFileReference; lastKnownFileType = text.plist.xml; path = Info.plist; sourceTree = "<group>"; };
		3F28815225E71E5700DB2183 /* utestTests.xctest */ = {isa = PBXFileReference; explicitFileType = wrapper.cfbundle; includeInIndex = 0; path = utestTests.xctest; sourceTree = BUILT_PRODUCTS_DIR; };
		3F28815425E71E5700DB2183 /* utestTests.swift */ = {isa = PBXFileReference; lastKnownFileType = sourcecode.swift; path = utestTests.swift; sourceTree = "<group>"; };
		3F28815625E71E5700DB2183 /* Info.plist */ = {isa = PBXFileReference; lastKnownFileType = text.plist.xml; path = Info.plist; sourceTree = "<group>"; };
		3F28815E25E71F3500DB2183 /* StringUtils.swift */ = {isa = PBXFileReference; lastKnownFileType = sourcecode.swift; path = StringUtils.swift; sourceTree = "<group>"; };
		3F28816225E7211700DB2183 /* StringUtilsTests.swift */ = {isa = PBXFileReference; lastKnownFileType = sourcecode.swift; path = StringUtilsTests.swift; sourceTree = "<group>"; };
		3F28816825E7C62E00DB2183 /* AccountBalance.swift */ = {isa = PBXFileReference; lastKnownFileType = sourcecode.swift; path = AccountBalance.swift; sourceTree = "<group>"; };
		3F28816C25E7C6CA00DB2183 /* AccountBalanceTest.swift */ = {isa = PBXFileReference; lastKnownFileType = sourcecode.swift; path = AccountBalanceTest.swift; sourceTree = "<group>"; };
		3F28817625E7CB5900DB2183 /* StringsUtil.swift */ = {isa = PBXFileReference; lastKnownFileType = sourcecode.swift; path = StringsUtil.swift; sourceTree = "<group>"; };
		3F28818025E7CBCD00DB2183 /* StringUtilsSpec.swift */ = {isa = PBXFileReference; lastKnownFileType = sourcecode.swift; path = StringUtilsSpec.swift; sourceTree = "<group>"; };
		3F28818525E7D62F00DB2183 /* AccountViewModel.swift */ = {isa = PBXFileReference; lastKnownFileType = sourcecode.swift; path = AccountViewModel.swift; sourceTree = "<group>"; };
		3F28818B25E7D79200DB2183 /* AccountViewController.swift */ = {isa = PBXFileReference; lastKnownFileType = sourcecode.swift; path = AccountViewController.swift; sourceTree = "<group>"; };
		3F28818C25E7D79200DB2183 /* AccountViewController.xib */ = {isa = PBXFileReference; lastKnownFileType = file.xib; path = AccountViewController.xib; sourceTree = "<group>"; };
		3F28819125E7DA0E00DB2183 /* AccountViewModelSpec.swift */ = {isa = PBXFileReference; lastKnownFileType = sourcecode.swift; path = AccountViewModelSpec.swift; sourceTree = "<group>"; };
		3F28819B25E8235700DB2183 /* AccountViewControllerSpec.swift */ = {isa = PBXFileReference; lastKnownFileType = sourcecode.swift; path = AccountViewControllerSpec.swift; sourceTree = "<group>"; };
		3F28819F25E831FE00DB2183 /* AccountModel.swift */ = {isa = PBXFileReference; lastKnownFileType = sourcecode.swift; path = AccountModel.swift; sourceTree = "<group>"; };
		3F2881A425E83A6B00DB2183 /* AsyncProcess.swift */ = {isa = PBXFileReference; lastKnownFileType = sourcecode.swift; path = AsyncProcess.swift; sourceTree = "<group>"; };
		3F2881A825E83B1C00DB2183 /* AsyncProcessSpec.swift */ = {isa = PBXFileReference; lastKnownFileType = sourcecode.swift; path = AsyncProcessSpec.swift; sourceTree = "<group>"; };
		796D07D9A112CF706DE98CFE /* Pods-utestTests.debug.xcconfig */ = {isa = PBXFileReference; includeInIndex = 1; lastKnownFileType = text.xcconfig; name = "Pods-utestTests.debug.xcconfig"; path = "Target Support Files/Pods-utestTests/Pods-utestTests.debug.xcconfig"; sourceTree = "<group>"; };
		933210C4AB2038AE989A0E20 /* Pods-utest.debug.xcconfig */ = {isa = PBXFileReference; includeInIndex = 1; lastKnownFileType = text.xcconfig; name = "Pods-utest.debug.xcconfig"; path = "Target Support Files/Pods-utest/Pods-utest.debug.xcconfig"; sourceTree = "<group>"; };
		97744859C5C5E77D9A40FE73 /* Pods_utest.framework */ = {isa = PBXFileReference; explicitFileType = wrapper.framework; includeInIndex = 0; path = Pods_utest.framework; sourceTree = BUILT_PRODUCTS_DIR; };
		9CC16B233EAE46DD52482D6B /* Pods-utest.release.xcconfig */ = {isa = PBXFileReference; includeInIndex = 1; lastKnownFileType = text.xcconfig; name = "Pods-utest.release.xcconfig"; path = "Target Support Files/Pods-utest/Pods-utest.release.xcconfig"; sourceTree = "<group>"; };
/* End PBXFileReference section */

/* Begin PBXFrameworksBuildPhase section */
		3F28813325E71E4200DB2183 /* Frameworks */ = {
			isa = PBXFrameworksBuildPhase;
			buildActionMask = 2147483647;
			files = (
				3C1B6AE03F55B79BBC8089A1 /* Pods_utest.framework in Frameworks */,
			);
			runOnlyForDeploymentPostprocessing = 0;
		};
		3F28814F25E71E5700DB2183 /* Frameworks */ = {
			isa = PBXFrameworksBuildPhase;
			buildActionMask = 2147483647;
			files = (
				7F057FE2DCA5B66972B7CCC0 /* Pods_utestTests.framework in Frameworks */,
			);
			runOnlyForDeploymentPostprocessing = 0;
		};
/* End PBXFrameworksBuildPhase section */

/* Begin PBXGroup section */
		12548AF20AAA474684CFCAD5 /* Frameworks */ = {
			isa = PBXGroup;
			children = (
				97744859C5C5E77D9A40FE73 /* Pods_utest.framework */,
				330B6A86169A880E6C8ECC95 /* Pods_utestTests.framework */,
			);
			name = Frameworks;
			sourceTree = "<group>";
		};
		3F28812D25E71E4200DB2183 = {
			isa = PBXGroup;
			children = (
				3F28813825E71E4200DB2183 /* utest */,
				3F28815325E71E5700DB2183 /* utestTests */,
				3F28813725E71E4200DB2183 /* Products */,
				BDDF38AC8FD549F3DEDB4941 /* Pods */,
				12548AF20AAA474684CFCAD5 /* Frameworks */,
			);
			sourceTree = "<group>";
		};
		3F28813725E71E4200DB2183 /* Products */ = {
			isa = PBXGroup;
			children = (
				3F28813625E71E4200DB2183 /* utest.app */,
				3F28815225E71E5700DB2183 /* utestTests.xctest */,
			);
			name = Products;
			sourceTree = "<group>";
		};
		3F28813825E71E4200DB2183 /* utest */ = {
			isa = PBXGroup;
			children = (
				3F2881A325E83A4F00DB2183 /* service */,
				3F28818425E7D61700DB2183 /* AccountView */,
				3F28813925E71E4200DB2183 /* AppDelegate.swift */,
				3F28813B25E71E4200DB2183 /* SceneDelegate.swift */,
				3F28813D25E71E4200DB2183 /* ViewController.swift */,
				3F28817625E7CB5900DB2183 /* StringsUtil.swift */,
				3F28815E25E71F3500DB2183 /* StringUtils.swift */,
				3F28816825E7C62E00DB2183 /* AccountBalance.swift */,
				3F28813F25E71E4200DB2183 /* Main.storyboard */,
				3F28814225E71E4500DB2183 /* Assets.xcassets */,
				3F28814425E71E4500DB2183 /* LaunchScreen.storyboard */,
				3F28814725E71E4500DB2183 /* Info.plist */,
			);
			path = utest;
			sourceTree = "<group>";
		};
		3F28815325E71E5700DB2183 /* utestTests */ = {
			isa = PBXGroup;
			children = (
				3F28815425E71E5700DB2183 /* utestTests.swift */,
				3F28816225E7211700DB2183 /* StringUtilsTests.swift */,
				3F28818025E7CBCD00DB2183 /* StringUtilsSpec.swift */,
				3F28816C25E7C6CA00DB2183 /* AccountBalanceTest.swift */,
				3F28819125E7DA0E00DB2183 /* AccountViewModelSpec.swift */,
				3F28819B25E8235700DB2183 /* AccountViewControllerSpec.swift */,
				3F2881A825E83B1C00DB2183 /* AsyncProcessSpec.swift */,
				3F28815625E71E5700DB2183 /* Info.plist */,
			);
			path = utestTests;
			sourceTree = "<group>";
		};
		3F28818425E7D61700DB2183 /* AccountView */ = {
			isa = PBXGroup;
			children = (
				3F28818525E7D62F00DB2183 /* AccountViewModel.swift */,
				3F28818B25E7D79200DB2183 /* AccountViewController.swift */,
				3F28819F25E831FE00DB2183 /* AccountModel.swift */,
				3F28818C25E7D79200DB2183 /* AccountViewController.xib */,
			);
			path = AccountView;
			sourceTree = "<group>";
		};
		3F2881A325E83A4F00DB2183 /* service */ = {
			isa = PBXGroup;
			children = (
				3F2881A425E83A6B00DB2183 /* AsyncProcess.swift */,
			);
			path = service;
			sourceTree = "<group>";
		};
		BDDF38AC8FD549F3DEDB4941 /* Pods */ = {
			isa = PBXGroup;
			children = (
				933210C4AB2038AE989A0E20 /* Pods-utest.debug.xcconfig */,
				9CC16B233EAE46DD52482D6B /* Pods-utest.release.xcconfig */,
				796D07D9A112CF706DE98CFE /* Pods-utestTests.debug.xcconfig */,
				36D2D4459A43569E266ADF89 /* Pods-utestTests.release.xcconfig */,
			);
			path = Pods;
			sourceTree = "<group>";
		};
/* End PBXGroup section */

/* Begin PBXNativeTarget section */
		3F28813525E71E4200DB2183 /* utest */ = {
			isa = PBXNativeTarget;
			buildConfigurationList = 3F28814A25E71E4500DB2183 /* Build configuration list for PBXNativeTarget "utest" */;
			buildPhases = (
				87C53D28B72A2581C36DB2CE /* [CP] Check Pods Manifest.lock */,
				3F28813225E71E4200DB2183 /* Sources */,
				3F28813325E71E4200DB2183 /* Frameworks */,
				3F28813425E71E4200DB2183 /* Resources */,
			);
			buildRules = (
			);
			dependencies = (
			);
			name = utest;
			productName = utest;
			productReference = 3F28813625E71E4200DB2183 /* utest.app */;
			productType = "com.apple.product-type.application";
		};
		3F28815125E71E5700DB2183 /* utestTests */ = {
			isa = PBXNativeTarget;
			buildConfigurationList = 3F28815925E71E5700DB2183 /* Build configuration list for PBXNativeTarget "utestTests" */;
			buildPhases = (
				CE9543B0AC6E8E464B8FA6CB /* [CP] Check Pods Manifest.lock */,
				3F28814E25E71E5700DB2183 /* Sources */,
				3F28814F25E71E5700DB2183 /* Frameworks */,
				3F28815025E71E5700DB2183 /* Resources */,
				F854A07A585913CB47BE0953 /* [CP] Embed Pods Frameworks */,
			);
			buildRules = (
			);
			dependencies = (
				3F28815825E71E5700DB2183 /* PBXTargetDependency */,
			);
			name = utestTests;
			productName = utestTests;
			productReference = 3F28815225E71E5700DB2183 /* utestTests.xctest */;
			productType = "com.apple.product-type.bundle.unit-test";
		};
/* End PBXNativeTarget section */

/* Begin PBXProject section */
		3F28812E25E71E4200DB2183 /* Project object */ = {
			isa = PBXProject;
			attributes = {
				LastSwiftUpdateCheck = 1220;
				LastUpgradeCheck = 1220;
				TargetAttributes = {
					3F28813525E71E4200DB2183 = {
						CreatedOnToolsVersion = 12.2;
					};
					3F28815125E71E5700DB2183 = {
						CreatedOnToolsVersion = 12.2;
						TestTargetID = 3F28813525E71E4200DB2183;
					};
				};
			};
			buildConfigurationList = 3F28813125E71E4200DB2183 /* Build configuration list for PBXProject "utest" */;
			compatibilityVersion = "Xcode 9.3";
			developmentRegion = en;
			hasScannedForEncodings = 0;
			knownRegions = (
				en,
				Base,
			);
			mainGroup = 3F28812D25E71E4200DB2183;
			productRefGroup = 3F28813725E71E4200DB2183 /* Products */;
			projectDirPath = "";
			projectRoot = "";
			targets = (
				3F28813525E71E4200DB2183 /* utest */,
				3F28815125E71E5700DB2183 /* utestTests */,
			);
		};
/* End PBXProject section */

/* Begin PBXResourcesBuildPhase section */
		3F28813425E71E4200DB2183 /* Resources */ = {
			isa = PBXResourcesBuildPhase;
			buildActionMask = 2147483647;
			files = (
				3F28814625E71E4500DB2183 /* LaunchScreen.storyboard in Resources */,
				3F28814325E71E4500DB2183 /* Assets.xcassets in Resources */,
				3F28818E25E7D79200DB2183 /* AccountViewController.xib in Resources */,
				3F28814125E71E4200DB2183 /* Main.storyboard in Resources */,
			);
			runOnlyForDeploymentPostprocessing = 0;
		};
		3F28815025E71E5700DB2183 /* Resources */ = {
			isa = PBXResourcesBuildPhase;
			buildActionMask = 2147483647;
			files = (
			);
			runOnlyForDeploymentPostprocessing = 0;
		};
/* End PBXResourcesBuildPhase section */

/* Begin PBXShellScriptBuildPhase section */
		87C53D28B72A2581C36DB2CE /* [CP] Check Pods Manifest.lock */ = {
			isa = PBXShellScriptBuildPhase;
			buildActionMask = 2147483647;
			files = (
			);
			inputFileListPaths = (
			);
			inputPaths = (
				"${PODS_PODFILE_DIR_PATH}/Podfile.lock",
				"${PODS_ROOT}/Manifest.lock",
			);
			name = "[CP] Check Pods Manifest.lock";
			outputFileListPaths = (
			);
			outputPaths = (
				"$(DERIVED_FILE_DIR)/Pods-utest-checkManifestLockResult.txt",
			);
			runOnlyForDeploymentPostprocessing = 0;
			shellPath = /bin/sh;
			shellScript = "diff \"${PODS_PODFILE_DIR_PATH}/Podfile.lock\" \"${PODS_ROOT}/Manifest.lock\" > /dev/null\nif [ $? != 0 ] ; then\n    # print error to STDERR\n    echo \"error: The sandbox is not in sync with the Podfile.lock. Run 'pod install' or update your CocoaPods installation.\" >&2\n    exit 1\nfi\n# This output is used by Xcode 'outputs' to avoid re-running this script phase.\necho \"SUCCESS\" > \"${SCRIPT_OUTPUT_FILE_0}\"\n";
			showEnvVarsInLog = 0;
		};
		CE9543B0AC6E8E464B8FA6CB /* [CP] Check Pods Manifest.lock */ = {
			isa = PBXShellScriptBuildPhase;
			buildActionMask = 2147483647;
			files = (
			);
			inputFileListPaths = (
			);
			inputPaths = (
				"${PODS_PODFILE_DIR_PATH}/Podfile.lock",
				"${PODS_ROOT}/Manifest.lock",
			);
			name = "[CP] Check Pods Manifest.lock";
			outputFileListPaths = (
			);
			outputPaths = (
				"$(DERIVED_FILE_DIR)/Pods-utestTests-checkManifestLockResult.txt",
			);
			runOnlyForDeploymentPostprocessing = 0;
			shellPath = /bin/sh;
			shellScript = "diff \"${PODS_PODFILE_DIR_PATH}/Podfile.lock\" \"${PODS_ROOT}/Manifest.lock\" > /dev/null\nif [ $? != 0 ] ; then\n    # print error to STDERR\n    echo \"error: The sandbox is not in sync with the Podfile.lock. Run 'pod install' or update your CocoaPods installation.\" >&2\n    exit 1\nfi\n# This output is used by Xcode 'outputs' to avoid re-running this script phase.\necho \"SUCCESS\" > \"${SCRIPT_OUTPUT_FILE_0}\"\n";
			showEnvVarsInLog = 0;
		};
		F854A07A585913CB47BE0953 /* [CP] Embed Pods Frameworks */ = {
			isa = PBXShellScriptBuildPhase;
			buildActionMask = 2147483647;
			files = (
			);
			inputFileListPaths = (
				"${PODS_ROOT}/Target Support Files/Pods-utestTests/Pods-utestTests-frameworks-${CONFIGURATION}-input-files.xcfilelist",
			);
			name = "[CP] Embed Pods Frameworks";
			outputFileListPaths = (
				"${PODS_ROOT}/Target Support Files/Pods-utestTests/Pods-utestTests-frameworks-${CONFIGURATION}-output-files.xcfilelist",
			);
			runOnlyForDeploymentPostprocessing = 0;
			shellPath = /bin/sh;
			shellScript = "\"${PODS_ROOT}/Target Support Files/Pods-utestTests/Pods-utestTests-frameworks.sh\"\n";
			showEnvVarsInLog = 0;
		};
/* End PBXShellScriptBuildPhase section */

/* Begin PBXSourcesBuildPhase section */
		3F28813225E71E4200DB2183 /* Sources */ = {
			isa = PBXSourcesBuildPhase;
			buildActionMask = 2147483647;
			files = (
				3F28815F25E71F3500DB2183 /* StringUtils.swift in Sources */,
				3F2881A025E831FE00DB2183 /* AccountModel.swift in Sources */,
				3F2881A525E83A6B00DB2183 /* AsyncProcess.swift in Sources */,
				3F28818625E7D62F00DB2183 /* AccountViewModel.swift in Sources */,
				3F28818D25E7D79200DB2183 /* AccountViewController.swift in Sources */,
				3F28813E25E71E4200DB2183 /* ViewController.swift in Sources */,
				3F28813A25E71E4200DB2183 /* AppDelegate.swift in Sources */,
				3F28813C25E71E4200DB2183 /* SceneDelegate.swift in Sources */,
				3F28817725E7CB5900DB2183 /* StringsUtil.swift in Sources */,
				3F28816925E7C62E00DB2183 /* AccountBalance.swift in Sources */,
			);
			runOnlyForDeploymentPostprocessing = 0;
		};
		3F28814E25E71E5700DB2183 /* Sources */ = {
			isa = PBXSourcesBuildPhase;
			buildActionMask = 2147483647;
			files = (
				3F28816325E7211700DB2183 /* StringUtilsTests.swift in Sources */,
				3F28819C25E8235700DB2183 /* AccountViewControllerSpec.swift in Sources */,
				3F28815525E71E5700DB2183 /* utestTests.swift in Sources */,
				3F28816D25E7C6CA00DB2183 /* AccountBalanceTest.swift in Sources */,
				3F28819225E7DA0E00DB2183 /* AccountViewModelSpec.swift in Sources */,
				3F28818125E7CBCD00DB2183 /* StringUtilsSpec.swift in Sources */,
				3F2881A925E83B1C00DB2183 /* AsyncProcessSpec.swift in Sources */,
			);
			runOnlyForDeploymentPostprocessing = 0;
		};
/* End PBXSourcesBuildPhase section */

/* Begin PBXTargetDependency section */
		3F28815825E71E5700DB2183 /* PBXTargetDependency */ = {
			isa = PBXTargetDependency;
			target = 3F28813525E71E4200DB2183 /* utest */;
			targetProxy = 3F28815725E71E5700DB2183 /* PBXContainerItemProxy */;
		};
/* End PBXTargetDependency section */

/* Begin PBXVariantGroup section */
		3F28813F25E71E4200DB2183 /* Main.storyboard */ = {
			isa = PBXVariantGroup;
			children = (
				3F28814025E71E4200DB2183 /* Base */,
			);
			name = Main.storyboard;
			sourceTree = "<group>";
		};
		3F28814425E71E4500DB2183 /* LaunchScreen.storyboard */ = {
			isa = PBXVariantGroup;
			children = (
				3F28814525E71E4500DB2183 /* Base */,
			);
			name = LaunchScreen.storyboard;
			sourceTree = "<group>";
		};
/* End PBXVariantGroup section */

/* Begin XCBuildConfiguration section */
		3F28814825E71E4500DB2183 /* Debug */ = {
			isa = XCBuildConfiguration;
			buildSettings = {
				ALWAYS_SEARCH_USER_PATHS = NO;
				CLANG_ANALYZER_NONNULL = YES;
				CLANG_ANALYZER_NUMBER_OBJECT_CONVERSION = YES_AGGRESSIVE;
				CLANG_CXX_LANGUAGE_STANDARD = "gnu++14";
				CLANG_CXX_LIBRARY = "libc++";
				CLANG_ENABLE_MODULES = YES;
				CLANG_ENABLE_OBJC_ARC = YES;
				CLANG_ENABLE_OBJC_WEAK = YES;
				CLANG_WARN_BLOCK_CAPTURE_AUTORELEASING = YES;
				CLANG_WARN_BOOL_CONVERSION = YES;
				CLANG_WARN_COMMA = YES;
				CLANG_WARN_CONSTANT_CONVERSION = YES;
				CLANG_WARN_DEPRECATED_OBJC_IMPLEMENTATIONS = YES;
				CLANG_WARN_DIRECT_OBJC_ISA_USAGE = YES_ERROR;
				CLANG_WARN_DOCUMENTATION_COMMENTS = YES;
				CLANG_WARN_EMPTY_BODY = YES;
				CLANG_WARN_ENUM_CONVERSION = YES;
				CLANG_WARN_INFINITE_RECURSION = YES;
				CLANG_WARN_INT_CONVERSION = YES;
				CLANG_WARN_NON_LITERAL_NULL_CONVERSION = YES;
				CLANG_WARN_OBJC_IMPLICIT_RETAIN_SELF = YES;
				CLANG_WARN_OBJC_LITERAL_CONVERSION = YES;
				CLANG_WARN_OBJC_ROOT_CLASS = YES_ERROR;
				CLANG_WARN_QUOTED_INCLUDE_IN_FRAMEWORK_HEADER = YES;
				CLANG_WARN_RANGE_LOOP_ANALYSIS = YES;
				CLANG_WARN_STRICT_PROTOTYPES = YES;
				CLANG_WARN_SUSPICIOUS_MOVE = YES;
				CLANG_WARN_UNGUARDED_AVAILABILITY = YES_AGGRESSIVE;
				CLANG_WARN_UNREACHABLE_CODE = YES;
				CLANG_WARN__DUPLICATE_METHOD_MATCH = YES;
				COPY_PHASE_STRIP = NO;
				DEBUG_INFORMATION_FORMAT = dwarf;
				ENABLE_STRICT_OBJC_MSGSEND = YES;
				ENABLE_TESTABILITY = YES;
				GCC_C_LANGUAGE_STANDARD = gnu11;
				GCC_DYNAMIC_NO_PIC = NO;
				GCC_NO_COMMON_BLOCKS = YES;
				GCC_OPTIMIZATION_LEVEL = 0;
				GCC_PREPROCESSOR_DEFINITIONS = (
					"DEBUG=1",
					"$(inherited)",
				);
				GCC_WARN_64_TO_32_BIT_CONVERSION = YES;
				GCC_WARN_ABOUT_RETURN_TYPE = YES_ERROR;
				GCC_WARN_UNDECLARED_SELECTOR = YES;
				GCC_WARN_UNINITIALIZED_AUTOS = YES_AGGRESSIVE;
				GCC_WARN_UNUSED_FUNCTION = YES;
				GCC_WARN_UNUSED_VARIABLE = YES;
				IPHONEOS_DEPLOYMENT_TARGET = 14.2;
				MTL_ENABLE_DEBUG_INFO = INCLUDE_SOURCE;
				MTL_FAST_MATH = YES;
				ONLY_ACTIVE_ARCH = YES;
				SDKROOT = iphoneos;
				SWIFT_ACTIVE_COMPILATION_CONDITIONS = DEBUG;
				SWIFT_OPTIMIZATION_LEVEL = "-Onone";
			};
			name = Debug;
		};
		3F28814925E71E4500DB2183 /* Release */ = {
			isa = XCBuildConfiguration;
			buildSettings = {
				ALWAYS_SEARCH_USER_PATHS = NO;
				CLANG_ANALYZER_NONNULL = YES;
				CLANG_ANALYZER_NUMBER_OBJECT_CONVERSION = YES_AGGRESSIVE;
				CLANG_CXX_LANGUAGE_STANDARD = "gnu++14";
				CLANG_CXX_LIBRARY = "libc++";
				CLANG_ENABLE_MODULES = YES;
				CLANG_ENABLE_OBJC_ARC = YES;
				CLANG_ENABLE_OBJC_WEAK = YES;
				CLANG_WARN_BLOCK_CAPTURE_AUTORELEASING = YES;
				CLANG_WARN_BOOL_CONVERSION = YES;
				CLANG_WARN_COMMA = YES;
				CLANG_WARN_CONSTANT_CONVERSION = YES;
				CLANG_WARN_DEPRECATED_OBJC_IMPLEMENTATIONS = YES;
				CLANG_WARN_DIRECT_OBJC_ISA_USAGE = YES_ERROR;
				CLANG_WARN_DOCUMENTATION_COMMENTS = YES;
				CLANG_WARN_EMPTY_BODY = YES;
				CLANG_WARN_ENUM_CONVERSION = YES;
				CLANG_WARN_INFINITE_RECURSION = YES;
				CLANG_WARN_INT_CONVERSION = YES;
				CLANG_WARN_NON_LITERAL_NULL_CONVERSION = YES;
				CLANG_WARN_OBJC_IMPLICIT_RETAIN_SELF = YES;
				CLANG_WARN_OBJC_LITERAL_CONVERSION = YES;
				CLANG_WARN_OBJC_ROOT_CLASS = YES_ERROR;
				CLANG_WARN_QUOTED_INCLUDE_IN_FRAMEWORK_HEADER = YES;
				CLANG_WARN_RANGE_LOOP_ANALYSIS = YES;
				CLANG_WARN_STRICT_PROTOTYPES = YES;
				CLANG_WARN_SUSPICIOUS_MOVE = YES;
				CLANG_WARN_UNGUARDED_AVAILABILITY = YES_AGGRESSIVE;
				CLANG_WARN_UNREACHABLE_CODE = YES;
				CLANG_WARN__DUPLICATE_METHOD_MATCH = YES;
				COPY_PHASE_STRIP = NO;
				DEBUG_INFORMATION_FORMAT = "dwarf-with-dsym";
				ENABLE_NS_ASSERTIONS = NO;
				ENABLE_STRICT_OBJC_MSGSEND = YES;
				GCC_C_LANGUAGE_STANDARD = gnu11;
				GCC_NO_COMMON_BLOCKS = YES;
				GCC_WARN_64_TO_32_BIT_CONVERSION = YES;
				GCC_WARN_ABOUT_RETURN_TYPE = YES_ERROR;
				GCC_WARN_UNDECLARED_SELECTOR = YES;
				GCC_WARN_UNINITIALIZED_AUTOS = YES_AGGRESSIVE;
				GCC_WARN_UNUSED_FUNCTION = YES;
				GCC_WARN_UNUSED_VARIABLE = YES;
				IPHONEOS_DEPLOYMENT_TARGET = 14.2;
				MTL_ENABLE_DEBUG_INFO = NO;
				MTL_FAST_MATH = YES;
				SDKROOT = iphoneos;
				SWIFT_COMPILATION_MODE = wholemodule;
				SWIFT_OPTIMIZATION_LEVEL = "-O";
				VALIDATE_PRODUCT = YES;
			};
			name = Release;
		};
		3F28814B25E71E4500DB2183 /* Debug */ = {
			isa = XCBuildConfiguration;
			baseConfigurationReference = 933210C4AB2038AE989A0E20 /* Pods-utest.debug.xcconfig */;
			buildSettings = {
				ASSETCATALOG_COMPILER_APPICON_NAME = AppIcon;
				ASSETCATALOG_COMPILER_GLOBAL_ACCENT_COLOR_NAME = AccentColor;
				CODE_SIGN_STYLE = Automatic;
				INFOPLIST_FILE = utest/Info.plist;
				LD_RUNPATH_SEARCH_PATHS = (
					"$(inherited)",
					"@executable_path/Frameworks",
				);
				PRODUCT_BUNDLE_IDENTIFIER = guicunha.com.utest;
				PRODUCT_NAME = "$(TARGET_NAME)";
				SWIFT_VERSION = 5.0;
				TARGETED_DEVICE_FAMILY = "1,2";
			};
			name = Debug;
		};
		3F28814C25E71E4500DB2183 /* Release */ = {
			isa = XCBuildConfiguration;
			baseConfigurationReference = 9CC16B233EAE46DD52482D6B /* Pods-utest.release.xcconfig */;
			buildSettings = {
				ASSETCATALOG_COMPILER_APPICON_NAME = AppIcon;
				ASSETCATALOG_COMPILER_GLOBAL_ACCENT_COLOR_NAME = AccentColor;
				CODE_SIGN_STYLE = Automatic;
				INFOPLIST_FILE = utest/Info.plist;
				LD_RUNPATH_SEARCH_PATHS = (
					"$(inherited)",
					"@executable_path/Frameworks",
				);
				PRODUCT_BUNDLE_IDENTIFIER = guicunha.com.utest;
				PRODUCT_NAME = "$(TARGET_NAME)";
				SWIFT_VERSION = 5.0;
				TARGETED_DEVICE_FAMILY = "1,2";
			};
			name = Release;
		};
		3F28815A25E71E5700DB2183 /* Debug */ = {
			isa = XCBuildConfiguration;
			baseConfigurationReference = 796D07D9A112CF706DE98CFE /* Pods-utestTests.debug.xcconfig */;
			buildSettings = {
				BUNDLE_LOADER = "$(TEST_HOST)";
				CODE_SIGN_STYLE = Automatic;
				INFOPLIST_FILE = utestTests/Info.plist;
				LD_RUNPATH_SEARCH_PATHS = (
					"$(inherited)",
					"@executable_path/Frameworks",
					"@loader_path/Frameworks",
				);
				PRODUCT_BUNDLE_IDENTIFIER = guicunha.com.utestTests;
				PRODUCT_NAME = "$(TARGET_NAME)";
				SWIFT_VERSION = 5.0;
				TARGETED_DEVICE_FAMILY = "1,2";
				TEST_HOST = "$(BUILT_PRODUCTS_DIR)/utest.app/utest";
			};
			name = Debug;
		};
		3F28815B25E71E5700DB2183 /* Release */ = {
			isa = XCBuildConfiguration;
			baseConfigurationReference = 36D2D4459A43569E266ADF89 /* Pods-utestTests.release.xcconfig */;
			buildSettings = {
				BUNDLE_LOADER = "$(TEST_HOST)";
				CODE_SIGN_STYLE = Automatic;
				INFOPLIST_FILE = utestTests/Info.plist;
				LD_RUNPATH_SEARCH_PATHS = (
					"$(inherited)",
					"@executable_path/Frameworks",
					"@loader_path/Frameworks",
				);
				PRODUCT_BUNDLE_IDENTIFIER = guicunha.com.utestTests;
				PRODUCT_NAME = "$(TARGET_NAME)";
				SWIFT_VERSION = 5.0;
				TARGETED_DEVICE_FAMILY = "1,2";
				TEST_HOST = "$(BUILT_PRODUCTS_DIR)/utest.app/utest";
			};
			name = Release;
		};
/* End XCBuildConfiguration section */

/* Begin XCConfigurationList section */
		3F28813125E71E4200DB2183 /* Build configuration list for PBXProject "utest" */ = {
			isa = XCConfigurationList;
			buildConfigurations = (
				3F28814825E71E4500DB2183 /* Debug */,
				3F28814925E71E4500DB2183 /* Release */,
			);
			defaultConfigurationIsVisible = 0;
			defaultConfigurationName = Release;
		};
		3F28814A25E71E4500DB2183 /* Build configuration list for PBXNativeTarget "utest" */ = {
			isa = XCConfigurationList;
			buildConfigurations = (
				3F28814B25E71E4500DB2183 /* Debug */,
				3F28814C25E71E4500DB2183 /* Release */,
			);
			defaultConfigurationIsVisible = 0;
			defaultConfigurationName = Release;
		};
		3F28815925E71E5700DB2183 /* Build configuration list for PBXNativeTarget "utestTests" */ = {
			isa = XCConfigurationList;
			buildConfigurations = (
				3F28815A25E71E5700DB2183 /* Debug */,
				3F28815B25E71E5700DB2183 /* Release */,
			);
			defaultConfigurationIsVisible = 0;
			defaultConfigurationName = Release;
		};
/* End XCConfigurationList section */
	};
	rootObject = 3F28812E25E71E4200DB2183 /* Project object */;
}
